
Microsoft Visual Studio Solution File, Format Version 12.00
# Visual Studio Version 17
VisualStudioVersion = 17.8.34511.84
MinimumVisualStudioVersion = 10.0.40219.1
Project("{FAE04EC0-301F-11D3-BF4B-00C04F79EFBC}") = "CIT 190 Lesson 8 Delegate Work", "CIT 190 Lesson 8 Delegate Work.csproj", "{8B178AD4-B44D-42E8-B095-EA52A5004E10}"
EndProject
Global
	GlobalSection(SolutionConfigurationPlatforms) = preSolution
		Debug|Any CPU = Debug|Any CPU
		Release|Any CPU = Release|Any CPU
	EndGlobalSection
	GlobalSection(ProjectConfigurationPlatforms) = postSolution
		{8B178AD4-B44D-42E8-B095-EA52A5004E10}.Debug|Any CPU.ActiveCfg = Debug|Any CPU
		{8B178AD4-B44D-42E8-B095-EA52A5004E10}.Debug|Any CPU.Build.0 = Debug|Any CPU
		{8B178AD4-B44D-42E8-B095-EA52A5004E10}.Release|Any CPU.ActiveCfg = Release|Any CPU
		{8B178AD4-B44D-42E8-B095-EA52A5004E10}.Release|Any CPU.Build.0 = Release|Any CPU
	EndGlobalSection
	GlobalSection(SolutionProperties) = preSolution
		HideSolutionNode = FALSE
	EndGlobalSection
	GlobalSection(ExtensibilityGlobals) = postSolution
		SolutionGuid = {0C8C294C-4BF9-4A82-AF10-7B8C69D2F7FB}
	EndGlobalSection
EndGlobal
